
Microsoft Visual Studio Solution File, Format Version 12.00
# Visual Studio Version 17
VisualStudioVersion = 17.10.35013.160
MinimumVisualStudioVersion = 10.0.40219.1
Project("{FAE04EC0-301F-11D3-BF4B-00C04F79EFBC}") = "StatePatternDesign", "StatePatternDesign\StatePatternDesign.csproj", "{80A1DFBE-4745-44CC-91E4-C0EBDFD901D3}"
EndProject
Global
	GlobalSection(SolutionConfigurationPlatforms) = preSolution
		Debug|Any CPU = Debug|Any CPU
		Release|Any CPU = Release|Any CPU
	EndGlobalSection
	GlobalSection(ProjectConfigurationPlatforms) = postSolution
		{80A1DFBE-4745-44CC-91E4-C0EBDFD901D3}.Debug|Any CPU.ActiveCfg = Debug|Any CPU
		{80A1DFBE-4745-44CC-91E4-C0EBDFD901D3}.Debug|Any CPU.Build.0 = Debug|Any CPU
		{80A1DFBE-4745-44CC-91E4-C0EBDFD901D3}.Release|Any CPU.ActiveCfg = Release|Any CPU
		{80A1DFBE-4745-44CC-91E4-C0EBDFD901D3}.Release|Any CPU.Build.0 = Release|Any CPU
	EndGlobalSection
	GlobalSection(SolutionProperties) = preSolution
		HideSolutionNode = FALSE
	EndGlobalSection
	GlobalSection(ExtensibilityGlobals) = postSolution
		SolutionGuid = {FC06130F-C30A-4149-8D65-635BAFD41578}
	EndGlobalSection
EndGlobal
